
Microsoft Visual Studio Solution File, Format Version 12.00
# Visual Studio Version 17
VisualStudioVersion = 17.13.35828.75 d17.13
MinimumVisualStudioVersion = 10.0.40219.1
Project("{FAE04EC0-301F-11D3-BF4B-00C04F79EFBC}") = "Atividade 28 - Fundamentos da Linguagem C#", "Atividade 28 - Fundamentos da Linguagem C#.csproj", "{01A8CA67-70A3-4888-8C6B-67067EC8AAFE}"
EndProject
Global
	GlobalSection(SolutionConfigurationPlatforms) = preSolution
		Debug|Any CPU = Debug|Any CPU
		Release|Any CPU = Release|Any CPU
	EndGlobalSection
	GlobalSection(ProjectConfigurationPlatforms) = postSolution
		{01A8CA67-70A3-4888-8C6B-67067EC8AAFE}.Debug|Any CPU.ActiveCfg = Debug|Any CPU
		{01A8CA67-70A3-4888-8C6B-67067EC8AAFE}.Debug|Any CPU.Build.0 = Debug|Any CPU
		{01A8CA67-70A3-4888-8C6B-67067EC8AAFE}.Release|Any CPU.ActiveCfg = Release|Any CPU
		{01A8CA67-70A3-4888-8C6B-67067EC8AAFE}.Release|Any CPU.Build.0 = Release|Any CPU
	EndGlobalSection
	GlobalSection(SolutionProperties) = preSolution
		HideSolutionNode = FALSE
	EndGlobalSection
	GlobalSection(ExtensibilityGlobals) = postSolution
		SolutionGuid = {0D7FB782-1E9B-4BC4-A941-3020399C1C2F}
	EndGlobalSection
EndGlobal
