
Microsoft Visual Studio Solution File, Format Version 12.00
# Visual Studio Version 17
VisualStudioVersion = 17.13.35828.75 d17.13
MinimumVisualStudioVersion = 10.0.40219.1
Project("{FAE04EC0-301F-11D3-BF4B-00C04F79EFBC}") = "Atividade 47 - Fundamentos da Linguagem C#", "Atividade 47 - Fundamentos da Linguagem C#.csproj", "{32DE1CBA-1FE4-4017-9AC4-90DCCFF47FFA}"
EndProject
Global
	GlobalSection(SolutionConfigurationPlatforms) = preSolution
		Debug|Any CPU = Debug|Any CPU
		Release|Any CPU = Release|Any CPU
	EndGlobalSection
	GlobalSection(ProjectConfigurationPlatforms) = postSolution
		{32DE1CBA-1FE4-4017-9AC4-90DCCFF47FFA}.Debug|Any CPU.ActiveCfg = Debug|Any CPU
		{32DE1CBA-1FE4-4017-9AC4-90DCCFF47FFA}.Debug|Any CPU.Build.0 = Debug|Any CPU
		{32DE1CBA-1FE4-4017-9AC4-90DCCFF47FFA}.Release|Any CPU.ActiveCfg = Release|Any CPU
		{32DE1CBA-1FE4-4017-9AC4-90DCCFF47FFA}.Release|Any CPU.Build.0 = Release|Any CPU
	EndGlobalSection
	GlobalSection(SolutionProperties) = preSolution
		HideSolutionNode = FALSE
	EndGlobalSection
	GlobalSection(ExtensibilityGlobals) = postSolution
		SolutionGuid = {E6DCD9FC-BB08-47A4-B403-229A2D9BCA4D}
	EndGlobalSection
EndGlobal
