
Microsoft Visual Studio Solution File, Format Version 12.00
# Visual Studio Version 17
VisualStudioVersion = 17.13.35828.75 d17.13
MinimumVisualStudioVersion = 10.0.40219.1
Project("{FAE04EC0-301F-11D3-BF4B-00C04F79EFBC}") = "Atividade 49 - Fundamentos da Linguagem C#", "Atividade 49 - Fundamentos da Linguagem C#.csproj", "{A71E7218-BEDB-4BAB-AB61-4E7075DC2657}"
EndProject
Global
	GlobalSection(SolutionConfigurationPlatforms) = preSolution
		Debug|Any CPU = Debug|Any CPU
		Release|Any CPU = Release|Any CPU
	EndGlobalSection
	GlobalSection(ProjectConfigurationPlatforms) = postSolution
		{A71E7218-BEDB-4BAB-AB61-4E7075DC2657}.Debug|Any CPU.ActiveCfg = Debug|Any CPU
		{A71E7218-BEDB-4BAB-AB61-4E7075DC2657}.Debug|Any CPU.Build.0 = Debug|Any CPU
		{A71E7218-BEDB-4BAB-AB61-4E7075DC2657}.Release|Any CPU.ActiveCfg = Release|Any CPU
		{A71E7218-BEDB-4BAB-AB61-4E7075DC2657}.Release|Any CPU.Build.0 = Release|Any CPU
	EndGlobalSection
	GlobalSection(SolutionProperties) = preSolution
		HideSolutionNode = FALSE
	EndGlobalSection
	GlobalSection(ExtensibilityGlobals) = postSolution
		SolutionGuid = {6A8ADB9A-DE02-468D-B164-B81FF9D36AC7}
	EndGlobalSection
EndGlobal
