
Microsoft Visual Studio Solution File, Format Version 12.00
# Visual Studio Version 17
VisualStudioVersion = 17.13.35828.75 d17.13
MinimumVisualStudioVersion = 10.0.40219.1
Project("{FAE04EC0-301F-11D3-BF4B-00C04F79EFBC}") = "Atividade 25 - Fundamentos da Linguagem C#", "Atividade 25 - Fundamentos da Linguagem C#.csproj", "{D9CCA39B-E61D-4A4F-89F9-4BF542E9F093}"
EndProject
Global
	GlobalSection(SolutionConfigurationPlatforms) = preSolution
		Debug|Any CPU = Debug|Any CPU
		Release|Any CPU = Release|Any CPU
	EndGlobalSection
	GlobalSection(ProjectConfigurationPlatforms) = postSolution
		{D9CCA39B-E61D-4A4F-89F9-4BF542E9F093}.Debug|Any CPU.ActiveCfg = Debug|Any CPU
		{D9CCA39B-E61D-4A4F-89F9-4BF542E9F093}.Debug|Any CPU.Build.0 = Debug|Any CPU
		{D9CCA39B-E61D-4A4F-89F9-4BF542E9F093}.Release|Any CPU.ActiveCfg = Release|Any CPU
		{D9CCA39B-E61D-4A4F-89F9-4BF542E9F093}.Release|Any CPU.Build.0 = Release|Any CPU
	EndGlobalSection
	GlobalSection(SolutionProperties) = preSolution
		HideSolutionNode = FALSE
	EndGlobalSection
	GlobalSection(ExtensibilityGlobals) = postSolution
		SolutionGuid = {1A07E4ED-7762-474C-8944-E92DB1BFF170}
	EndGlobalSection
EndGlobal
